
Microsoft Visual Studio Solution File, Format Version 12.00
# Visual Studio 14
VisualStudioVersion = 14.0.25420.1
MinimumVisualStudioVersion = 10.0.40219.1
Project("{FAE04EC0-301F-11D3-BF4B-00C04F79EFBC}") = "StudentInformation.Web", "StudentInformation.Web\StudentInformation.Web.csproj", "{3F2D76B2-52D8-448F-8858-CE44B8709658}"
EndProject
Project("{FAE04EC0-301F-11D3-BF4B-00C04F79EFBC}") = "StudentInformation.DataAccess", "StudentInformation.DataAccess\StudentInformation.DataAccess.csproj", "{DD8C44BA-1D3E-4EB2-9CE4-A48004229188}"
EndProject
Project("{FAE04EC0-301F-11D3-BF4B-00C04F79EFBC}") = "StudentInformation.BusinessLogic", "StudentInformation.BusinessLogic\StudentInformation.BusinessLogic.csproj", "{3B37D228-778C-43D8-888F-820FDF220E79}"
EndProject
Project("{FAE04EC0-301F-11D3-BF4B-00C04F79EFBC}") = "StudentInformation.Entity", "StudentInformation.Entity\StudentInformation.Entity.csproj", "{905E1666-755F-461B-9C98-F6C73C52C903}"
EndProject
Project("{FAE04EC0-301F-11D3-BF4B-00C04F79EFBC}") = "Studentinformation.Utility", "Studentinformation.Utility\Studentinformation.Utility.csproj", "{5F0DBD45-2A80-4F6E-BB27-8D0FA2C2A8FC}"
EndProject
Global
	GlobalSection(SolutionConfigurationPlatforms) = preSolution
		Debug|Any CPU = Debug|Any CPU
		Release|Any CPU = Release|Any CPU
	EndGlobalSection
	GlobalSection(ProjectConfigurationPlatforms) = postSolution
		{3F2D76B2-52D8-448F-8858-CE44B8709658}.Debug|Any CPU.ActiveCfg = Debug|Any CPU
		{3F2D76B2-52D8-448F-8858-CE44B8709658}.Debug|Any CPU.Build.0 = Debug|Any CPU
		{3F2D76B2-52D8-448F-8858-CE44B8709658}.Release|Any CPU.ActiveCfg = Release|Any CPU
		{3F2D76B2-52D8-448F-8858-CE44B8709658}.Release|Any CPU.Build.0 = Release|Any CPU
		{DD8C44BA-1D3E-4EB2-9CE4-A48004229188}.Debug|Any CPU.ActiveCfg = Debug|Any CPU
		{DD8C44BA-1D3E-4EB2-9CE4-A48004229188}.Debug|Any CPU.Build.0 = Debug|Any CPU
		{DD8C44BA-1D3E-4EB2-9CE4-A48004229188}.Release|Any CPU.ActiveCfg = Release|Any CPU
		{DD8C44BA-1D3E-4EB2-9CE4-A48004229188}.Release|Any CPU.Build.0 = Release|Any CPU
		{3B37D228-778C-43D8-888F-820FDF220E79}.Debug|Any CPU.ActiveCfg = Debug|Any CPU
		{3B37D228-778C-43D8-888F-820FDF220E79}.Debug|Any CPU.Build.0 = Debug|Any CPU
		{3B37D228-778C-43D8-888F-820FDF220E79}.Release|Any CPU.ActiveCfg = Release|Any CPU
		{3B37D228-778C-43D8-888F-820FDF220E79}.Release|Any CPU.Build.0 = Release|Any CPU
		{905E1666-755F-461B-9C98-F6C73C52C903}.Debug|Any CPU.ActiveCfg = Debug|Any CPU
		{905E1666-755F-461B-9C98-F6C73C52C903}.Debug|Any CPU.Build.0 = Debug|Any CPU
		{905E1666-755F-461B-9C98-F6C73C52C903}.Release|Any CPU.ActiveCfg = Release|Any CPU
		{905E1666-755F-461B-9C98-F6C73C52C903}.Release|Any CPU.Build.0 = Release|Any CPU
		{5F0DBD45-2A80-4F6E-BB27-8D0FA2C2A8FC}.Debug|Any CPU.ActiveCfg = Debug|Any CPU
		{5F0DBD45-2A80-4F6E-BB27-8D0FA2C2A8FC}.Debug|Any CPU.Build.0 = Debug|Any CPU
		{5F0DBD45-2A80-4F6E-BB27-8D0FA2C2A8FC}.Release|Any CPU.ActiveCfg = Release|Any CPU
		{5F0DBD45-2A80-4F6E-BB27-8D0FA2C2A8FC}.Release|Any CPU.Build.0 = Release|Any CPU
	EndGlobalSection
	GlobalSection(SolutionProperties) = preSolution
		HideSolutionNode = FALSE
	EndGlobalSection
EndGlobal
